// !$*UTF8*$!
{
	archiveVersion = 1;
	classes = {
	};
	objectVersion = 48;
	objects = {

/* Begin PBXBuildFile section */
		DF68E7ED2006CC5100EFC1E4 /* AppDelegate.swift in Sources */ = {isa = PBXBuildFile; fileRef = DF68E7EC2006CC5100EFC1E4 /* AppDelegate.swift */; };
		DF68E7EF2006CC5100EFC1E4 /* ViewController.swift in Sources */ = {isa = PBXBuildFile; fileRef = DF68E7EE2006CC5100EFC1E4 /* ViewController.swift */; };
		DF68E7F22006CC5100EFC1E4 /* Main.storyboard in Resources */ = {isa = PBXBuildFile; fileRef = DF68E7F02006CC5100EFC1E4 /* Main.storyboard */; };
		DF68E7F42006CC5100EFC1E4 /* Assets.xcassets in Resources */ = {isa = PBXBuildFile; fileRef = DF68E7F32006CC5100EFC1E4 /* Assets.xcassets */; };
		DF68E7F72006CC5100EFC1E4 /* LaunchScreen.storyboard in Resources */ = {isa = PBXBuildFile; fileRef = DF68E7F52006CC5100EFC1E4 /* LaunchScreen.storyboard */; };
		DF68E8022006CC5200EFC1E4 /* InfiniteTests.swift in Sources */ = {isa = PBXBuildFile; fileRef = DF68E8012006CC5200EFC1E4 /* InfiniteTests.swift */; };
		DF68E80D2006CDF800EFC1E4 /* TaskCell.swift in Sources */ = {isa = PBXBuildFile; fileRef = DF68E80C2006CDF800EFC1E4 /* TaskCell.swift */; };
		DF68E80F2006CEB400EFC1E4 /* Task.storyboard in Resources */ = {isa = PBXBuildFile; fileRef = DF68E80E2006CEB400EFC1E4 /* Task.storyboard */; };
		DF68E8112006CFD900EFC1E4 /* SubTaskViewController.swift in Sources */ = {isa = PBXBuildFile; fileRef = DF68E8102006CFD900EFC1E4 /* SubTaskViewController.swift */; };
/* End PBXBuildFile section */

/* Begin PBXContainerItemProxy section */
		DF68E7FE2006CC5100EFC1E4 /* PBXContainerItemProxy */ = {
			isa = PBXContainerItemProxy;
			containerPortal = DF68E7E12006CC5100EFC1E4 /* Project object */;
			proxyType = 1;
			remoteGlobalIDString = DF68E7E82006CC5100EFC1E4;
			remoteInfo = Infinite;
		};
/* End PBXContainerItemProxy section */

/* Begin PBXFileReference section */
		DF68E7E92006CC5100EFC1E4 /* Infinite.app */ = {isa = PBXFileReference; explicitFileType = wrapper.application; includeInIndex = 0; path = Infinite.app; sourceTree = BUILT_PRODUCTS_DIR; };
		DF68E7EC2006CC5100EFC1E4 /* AppDelegate.swift */ = {isa = PBXFileReference; lastKnownFileType = sourcecode.swift; path = AppDelegate.swift; sourceTree = "<group>"; };
		DF68E7EE2006CC5100EFC1E4 /* ViewController.swift */ = {isa = PBXFileReference; lastKnownFileType = sourcecode.swift; path = ViewController.swift; sourceTree = "<group>"; };
		DF68E7F12006CC5100EFC1E4 /* Base */ = {isa = PBXFileReference; lastKnownFileType = file.storyboard; name = Base; path = Base.lproj/Main.storyboard; sourceTree = "<group>"; };
		DF68E7F32006CC5100EFC1E4 /* Assets.xcassets */ = {isa = PBXFileReference; lastKnownFileType = folder.assetcatalog; path = Assets.xcassets; sourceTree = "<group>"; };
		DF68E7F62006CC5100EFC1E4 /* Base */ = {isa = PBXFileReference; lastKnownFileType = file.storyboard; name = Base; path = Base.lproj/LaunchScreen.storyboard; sourceTree = "<group>"; };
		DF68E7F82006CC5100EFC1E4 /* Info.plist */ = {isa = PBXFileReference; lastKnownFileType = text.plist.xml; path = Info.plist; sourceTree = "<group>"; };
		DF68E7FD2006CC5100EFC1E4 /* InfiniteTests.xctest */ = {isa = PBXFileReference; explicitFileType = wrapper.cfbundle; includeInIndex = 0; path = InfiniteTests.xctest; sourceTree = BUILT_PRODUCTS_DIR; };
		DF68E8012006CC5200EFC1E4 /* InfiniteTests.swift */ = {isa = PBXFileReference; lastKnownFileType = sourcecode.swift; path = InfiniteTests.swift; sourceTree = "<group>"; };
		DF68E8032006CC5200EFC1E4 /* Info.plist */ = {isa = PBXFileReference; lastKnownFileType = text.plist.xml; path = Info.plist; sourceTree = "<group>"; };
		DF68E80C2006CDF800EFC1E4 /* TaskCell.swift */ = {isa = PBXFileReference; lastKnownFileType = sourcecode.swift; path = TaskCell.swift; sourceTree = "<group>"; };
		DF68E80E2006CEB400EFC1E4 /* Task.storyboard */ = {isa = PBXFileReference; lastKnownFileType = file.storyboard; path = Task.storyboard; sourceTree = "<group>"; };
		DF68E8102006CFD900EFC1E4 /* SubTaskViewController.swift */ = {isa = PBXFileReference; lastKnownFileType = sourcecode.swift; path = SubTaskViewController.swift; sourceTree = "<group>"; };
/* End PBXFileReference section */

/* Begin PBXFrameworksBuildPhase section */
		DF68E7E62006CC5100EFC1E4 /* Frameworks */ = {
			isa = PBXFrameworksBuildPhase;
			buildActionMask = 2147483647;
			files = (
			);
			runOnlyForDeploymentPostprocessing = 0;
		};
		DF68E7FA2006CC5100EFC1E4 /* Frameworks */ = {
			isa = PBXFrameworksBuildPhase;
			buildActionMask = 2147483647;
			files = (
			);
			runOnlyForDeploymentPostprocessing = 0;
		};
/* End PBXFrameworksBuildPhase section */

/* Begin PBXGroup section */
		DF68E7E02006CC5100EFC1E4 = {
			isa = PBXGroup;
			children = (
				DF68E7EB2006CC5100EFC1E4 /* Infinite */,
				DF68E8002006CC5100EFC1E4 /* InfiniteTests */,
				DF68E7EA2006CC5100EFC1E4 /* Products */,
			);
			sourceTree = "<group>";
		};
		DF68E7EA2006CC5100EFC1E4 /* Products */ = {
			isa = PBXGroup;
			children = (
				DF68E7E92006CC5100EFC1E4 /* Infinite.app */,
				DF68E7FD2006CC5100EFC1E4 /* InfiniteTests.xctest */,
			);
			name = Products;
			sourceTree = "<group>";
		};
		DF68E7EB2006CC5100EFC1E4 /* Infinite */ = {
			isa = PBXGroup;
			children = (
				DF68E7EC2006CC5100EFC1E4 /* AppDelegate.swift */,
				DF68E7EE2006CC5100EFC1E4 /* ViewController.swift */,
				DF68E8102006CFD900EFC1E4 /* SubTaskViewController.swift */,
				DF68E7F02006CC5100EFC1E4 /* Main.storyboard */,
				DF68E80E2006CEB400EFC1E4 /* Task.storyboard */,
				DF68E80C2006CDF800EFC1E4 /* TaskCell.swift */,
				DF68E7F32006CC5100EFC1E4 /* Assets.xcassets */,
				DF68E7F52006CC5100EFC1E4 /* LaunchScreen.storyboard */,
				DF68E7F82006CC5100EFC1E4 /* Info.plist */,
			);
			path = Infinite;
			sourceTree = "<group>";
		};
		DF68E8002006CC5100EFC1E4 /* InfiniteTests */ = {
			isa = PBXGroup;
			children = (
				DF68E8012006CC5200EFC1E4 /* InfiniteTests.swift */,
				DF68E8032006CC5200EFC1E4 /* Info.plist */,
			);
			path = InfiniteTests;
			sourceTree = "<group>";
		};
/* End PBXGroup section */

/* Begin PBXNativeTarget section */
		DF68E7E82006CC5100EFC1E4 /* Infinite */ = {
			isa = PBXNativeTarget;
			buildConfigurationList = DF68E8062006CC5200EFC1E4 /* Build configuration list for PBXNativeTarget "Infinite" */;
			buildPhases = (
				DF68E7E52006CC5100EFC1E4 /* Sources */,
				DF68E7E62006CC5100EFC1E4 /* Frameworks */,
				DF68E7E72006CC5100EFC1E4 /* Resources */,
			);
			buildRules = (
			);
			dependencies = (
			);
			name = Infinite;
			productName = Infinite;
			productReference = DF68E7E92006CC5100EFC1E4 /* Infinite.app */;
			productType = "com.apple.product-type.application";
		};
		DF68E7FC2006CC5100EFC1E4 /* InfiniteTests */ = {
			isa = PBXNativeTarget;
			buildConfigurationList = DF68E8092006CC5200EFC1E4 /* Build configuration list for PBXNativeTarget "InfiniteTests" */;
			buildPhases = (
				DF68E7F92006CC5100EFC1E4 /* Sources */,
				DF68E7FA2006CC5100EFC1E4 /* Frameworks */,
				DF68E7FB2006CC5100EFC1E4 /* Resources */,
			);
			buildRules = (
			);
			dependencies = (
				DF68E7FF2006CC5100EFC1E4 /* PBXTargetDependency */,
			);
			name = InfiniteTests;
			productName = InfiniteTests;
			productReference = DF68E7FD2006CC5100EFC1E4 /* InfiniteTests.xctest */;
			productType = "com.apple.product-type.bundle.unit-test";
		};
/* End PBXNativeTarget section */

/* Begin PBXProject section */
		DF68E7E12006CC5100EFC1E4 /* Project object */ = {
			isa = PBXProject;
			attributes = {
				LastSwiftUpdateCheck = 0920;
				LastUpgradeCheck = 0920;
				ORGANIZATIONNAME = "Christopher Harrison";
				TargetAttributes = {
					DF68E7E82006CC5100EFC1E4 = {
						CreatedOnToolsVersion = 9.2;
						ProvisioningStyle = Automatic;
					};
					DF68E7FC2006CC5100EFC1E4 = {
						CreatedOnToolsVersion = 9.2;
						ProvisioningStyle = Automatic;
						TestTargetID = DF68E7E82006CC5100EFC1E4;
					};
				};
			};
			buildConfigurationList = DF68E7E42006CC5100EFC1E4 /* Build configuration list for PBXProject "Infinite" */;
			compatibilityVersion = "Xcode 8.0";
			developmentRegion = en;
			hasScannedForEncodings = 0;
			knownRegions = (
				en,
				Base,
			);
			mainGroup = DF68E7E02006CC5100EFC1E4;
			productRefGroup = DF68E7EA2006CC5100EFC1E4 /* Products */;
			projectDirPath = "";
			projectRoot = "";
			targets = (
				DF68E7E82006CC5100EFC1E4 /* Infinite */,
				DF68E7FC2006CC5100EFC1E4 /* InfiniteTests */,
			);
		};
/* End PBXProject section */

/* Begin PBXResourcesBuildPhase section */
		DF68E7E72006CC5100EFC1E4 /* Resources */ = {
			isa = PBXResourcesBuildPhase;
			buildActionMask = 2147483647;
			files = (
				DF68E7F72006CC5100EFC1E4 /* LaunchScreen.storyboard in Resources */,
				DF68E80F2006CEB400EFC1E4 /* Task.storyboard in Resources */,
				DF68E7F42006CC5100EFC1E4 /* Assets.xcassets in Resources */,
				DF68E7F22006CC5100EFC1E4 /* Main.storyboard in Resources */,
			);
			runOnlyForDeploymentPostprocessing = 0;
		};
		DF68E7FB2006CC5100EFC1E4 /* Resources */ = {
			isa = PBXResourcesBuildPhase;
			buildActionMask = 2147483647;
			files = (
			);
			runOnlyForDeploymentPostprocessing = 0;
		};
/* End PBXResourcesBuildPhase section */

/* Begin PBXSourcesBuildPhase section */
		DF68E7E52006CC5100EFC1E4 /* Sources */ = {
			isa = PBXSourcesBuildPhase;
			buildActionMask = 2147483647;
			files = (
				DF68E7EF2006CC5100EFC1E4 /* ViewController.swift in Sources */,
				DF68E80D2006CDF800EFC1E4 /* TaskCell.swift in Sources */,
				DF68E8112006CFD900EFC1E4 /* SubTaskViewController.swift in Sources */,
				DF68E7ED2006CC5100EFC1E4 /* AppDelegate.swift in Sources */,
			);
			runOnlyForDeploymentPostprocessing = 0;
		};
		DF68E7F92006CC5100EFC1E4 /* Sources */ = {
			isa = PBXSourcesBuildPhase;
			buildActionMask = 2147483647;
			files = (
				DF68E8022006CC5200EFC1E4 /* InfiniteTests.swift in Sources */,
			);
			runOnlyForDeploymentPostprocessing = 0;
		};
/* End PBXSourcesBuildPhase section */

/* Begin PBXTargetDependency section */
		DF68E7FF2006CC5100EFC1E4 /* PBXTargetDependency */ = {
			isa = PBXTargetDependency;
			target = DF68E7E82006CC5100EFC1E4 /* Infinite */;
			targetProxy = DF68E7FE2006CC5100EFC1E4 /* PBXContainerItemProxy */;
		};
/* End PBXTargetDependency section */

/* Begin PBXVariantGroup section */
		DF68E7F02006CC5100EFC1E4 /* Main.storyboard */ = {
			isa = PBXVariantGroup;
			children = (
				DF68E7F12006CC5100EFC1E4 /* Base */,
			);
			name = Main.storyboard;
			sourceTree = "<group>";
		};
		DF68E7F52006CC5100EFC1E4 /* LaunchScreen.storyboard */ = {
			isa = PBXVariantGroup;
			children = (
				DF68E7F62006CC5100EFC1E4 /* Base */,
			);
			name = LaunchScreen.storyboard;
			sourceTree = "<group>";
		};
/* End PBXVariantGroup section */

/* Begin XCBuildConfiguration section */
		DF68E8042006CC5200EFC1E4 /* Debug */ = {
			isa = XCBuildConfiguration;
			buildSettings = {
				ALWAYS_SEARCH_USER_PATHS = NO;
				CLANG_ANALYZER_NONNULL = YES;
				CLANG_ANALYZER_NUMBER_OBJECT_CONVERSION = YES_AGGRESSIVE;
				CLANG_CXX_LANGUAGE_STANDARD = "gnu++14";
				CLANG_CXX_LIBRARY = "libc++";
				CLANG_ENABLE_MODULES = YES;
				CLANG_ENABLE_OBJC_ARC = YES;
				CLANG_WARN_BLOCK_CAPTURE_AUTORELEASING = YES;
				CLANG_WARN_BOOL_CONVERSION = YES;
				CLANG_WARN_COMMA = YES;
				CLANG_WARN_CONSTANT_CONVERSION = YES;
				CLANG_WARN_DIRECT_OBJC_ISA_USAGE = YES_ERROR;
				CLANG_WARN_DOCUMENTATION_COMMENTS = YES;
				CLANG_WARN_EMPTY_BODY = YES;
				CLANG_WARN_ENUM_CONVERSION = YES;
				CLANG_WARN_INFINITE_RECURSION = YES;
				CLANG_WARN_INT_CONVERSION = YES;
				CLANG_WARN_NON_LITERAL_NULL_CONVERSION = YES;
				CLANG_WARN_OBJC_LITERAL_CONVERSION = YES;
				CLANG_WARN_OBJC_ROOT_CLASS = YES_ERROR;
				CLANG_WARN_RANGE_LOOP_ANALYSIS = YES;
				CLANG_WARN_STRICT_PROTOTYPES = YES;
				CLANG_WARN_SUSPICIOUS_MOVE = YES;
				CLANG_WARN_UNGUARDED_AVAILABILITY = YES_AGGRESSIVE;
				CLANG_WARN_UNREACHABLE_CODE = YES;
				CLANG_WARN__DUPLICATE_METHOD_MATCH = YES;
				CODE_SIGN_IDENTITY = "iPhone Developer";
				COPY_PHASE_STRIP = NO;
				DEBUG_INFORMATION_FORMAT = dwarf;
				ENABLE_STRICT_OBJC_MSGSEND = YES;
				ENABLE_TESTABILITY = YES;
				GCC_C_LANGUAGE_STANDARD = gnu11;
				GCC_DYNAMIC_NO_PIC = NO;
				GCC_NO_COMMON_BLOCKS = YES;
				GCC_OPTIMIZATION_LEVEL = 0;
				GCC_PREPROCESSOR_DEFINITIONS = (
					"DEBUG=1",
					"$(inherited)",
				);
				GCC_WARN_64_TO_32_BIT_CONVERSION = YES;
				GCC_WARN_ABOUT_RETURN_TYPE = YES_ERROR;
				GCC_WARN_UNDECLARED_SELECTOR = YES;
				GCC_WARN_UNINITIALIZED_AUTOS = YES_AGGRESSIVE;
				GCC_WARN_UNUSED_FUNCTION = YES;
				GCC_WARN_UNUSED_VARIABLE = YES;
				IPHONEOS_DEPLOYMENT_TARGET = 11.2;
				MTL_ENABLE_DEBUG_INFO = YES;
				ONLY_ACTIVE_ARCH = YES;
				SDKROOT = iphoneos;
				SWIFT_ACTIVE_COMPILATION_CONDITIONS = DEBUG;
				SWIFT_OPTIMIZATION_LEVEL = "-Onone";
			};
			name = Debug;
		};
		DF68E8052006CC5200EFC1E4 /* Release */ = {
			isa = XCBuildConfiguration;
			buildSettings = {
				ALWAYS_SEARCH_USER_PATHS = NO;
				CLANG_ANALYZER_NONNULL = YES;
				CLANG_ANALYZER_NUMBER_OBJECT_CONVERSION = YES_AGGRESSIVE;
				CLANG_CXX_LANGUAGE_STANDARD = "gnu++14";
				CLANG_CXX_LIBRARY = "libc++";
				CLANG_ENABLE_MODULES = YES;
				CLANG_ENABLE_OBJC_ARC = YES;
				CLANG_WARN_BLOCK_CAPTURE_AUTORELEASING = YES;
				CLANG_WARN_BOOL_CONVERSION = YES;
				CLANG_WARN_COMMA = YES;
				CLANG_WARN_CONSTANT_CONVERSION = YES;
				CLANG_WARN_DIRECT_OBJC_ISA_USAGE = YES_ERROR;
				CLANG_WARN_DOCUMENTATION_COMMENTS = YES;
				CLANG_WARN_EMPTY_BODY = YES;
				CLANG_WARN_ENUM_CONVERSION = YES;
				CLANG_WARN_INFINITE_RECURSION = YES;
				CLANG_WARN_INT_CONVERSION = YES;
				CLANG_WARN_NON_LITERAL_NULL_CONVERSION = YES;
				CLANG_WARN_OBJC_LITERAL_CONVERSION = YES;
				CLANG_WARN_OBJC_ROOT_CLASS = YES_ERROR;
				CLANG_WARN_RANGE_LOOP_ANALYSIS = YES;
				CLANG_WARN_STRICT_PROTOTYPES = YES;
				CLANG_WARN_SUSPICIOUS_MOVE = YES;
				CLANG_WARN_UNGUARDED_AVAILABILITY = YES_AGGRESSIVE;
				CLANG_WARN_UNREACHABLE_CODE = YES;
				CLANG_WARN__DUPLICATE_METHOD_MATCH = YES;
				CODE_SIGN_IDENTITY = "iPhone Developer";
				COPY_PHASE_STRIP = NO;
				DEBUG_INFORMATION_FORMAT = "dwarf-with-dsym";
				ENABLE_NS_ASSERTIONS = NO;
				ENABLE_STRICT_OBJC_MSGSEND = YES;
				GCC_C_LANGUAGE_STANDARD = gnu11;
				GCC_NO_COMMON_BLOCKS = YES;
				GCC_WARN_64_TO_32_BIT_CONVERSION = YES;
				GCC_WARN_ABOUT_RETURN_TYPE = YES_ERROR;
				GCC_WARN_UNDECLARED_SELECTOR = YES;
				GCC_WARN_UNINITIALIZED_AUTOS = YES_AGGRESSIVE;
				GCC_WARN_UNUSED_FUNCTION = YES;
				GCC_WARN_UNUSED_VARIABLE = YES;
				IPHONEOS_DEPLOYMENT_TARGET = 11.2;
				MTL_ENABLE_DEBUG_INFO = NO;
				SDKROOT = iphoneos;
				SWIFT_OPTIMIZATION_LEVEL = "-Owholemodule";
				VALIDATE_PRODUCT = YES;
			};
			name = Release;
		};
		DF68E8072006CC5200EFC1E4 /* Debug */ = {
			isa = XCBuildConfiguration;
			buildSettings = {
				ASSETCATALOG_COMPILER_APPICON_NAME = AppIcon;
				CODE_SIGN_STYLE = Automatic;
				DEVELOPMENT_TEAM = B6P6U8XVQ9;
				INFOPLIST_FILE = Infinite/Info.plist;
				LD_RUNPATH_SEARCH_PATHS = "$(inherited) @executable_path/Frameworks";
				PRODUCT_BUNDLE_IDENTIFIER = com.ThisIsChristoph.Infinite;
				PRODUCT_NAME = "$(TARGET_NAME)";
				SWIFT_VERSION = 4.0;
				TARGETED_DEVICE_FAMILY = "1,2";
			};
			name = Debug;
		};
		DF68E8082006CC5200EFC1E4 /* Release */ = {
			isa = XCBuildConfiguration;
			buildSettings = {
				ASSETCATALOG_COMPILER_APPICON_NAME = AppIcon;
				CODE_SIGN_STYLE = Automatic;
				DEVELOPMENT_TEAM = B6P6U8XVQ9;
				INFOPLIST_FILE = Infinite/Info.plist;
				LD_RUNPATH_SEARCH_PATHS = "$(inherited) @executable_path/Frameworks";
				PRODUCT_BUNDLE_IDENTIFIER = com.ThisIsChristoph.Infinite;
				PRODUCT_NAME = "$(TARGET_NAME)";
				SWIFT_VERSION = 4.0;
				TARGETED_DEVICE_FAMILY = "1,2";
			};
			name = Release;
		};
		DF68E80A2006CC5200EFC1E4 /* Debug */ = {
			isa = XCBuildConfiguration;
			buildSettings = {
				ALWAYS_EMBED_SWIFT_STANDARD_LIBRARIES = YES;
				BUNDLE_LOADER = "$(TEST_HOST)";
				CODE_SIGN_STYLE = Automatic;
				DEVELOPMENT_TEAM = B6P6U8XVQ9;
				INFOPLIST_FILE = InfiniteTests/Info.plist;
				LD_RUNPATH_SEARCH_PATHS = "$(inherited) @executable_path/Frameworks @loader_path/Frameworks";
				PRODUCT_BUNDLE_IDENTIFIER = com.ThisIsChristoph.InfiniteTests;
				PRODUCT_NAME = "$(TARGET_NAME)";
				SWIFT_VERSION = 4.0;
				TARGETED_DEVICE_FAMILY = "1,2";
				TEST_HOST = "$(BUILT_PRODUCTS_DIR)/Infinite.app/Infinite";
			};
			name = Debug;
		};
		DF68E80B2006CC5200EFC1E4 /* Release */ = {
			isa = XCBuildConfiguration;
			buildSettings = {
				ALWAYS_EMBED_SWIFT_STANDARD_LIBRARIES = YES;
				BUNDLE_LOADER = "$(TEST_HOST)";
				CODE_SIGN_STYLE = Automatic;
				DEVELOPMENT_TEAM = B6P6U8XVQ9;
				INFOPLIST_FILE = InfiniteTests/Info.plist;
				LD_RUNPATH_SEARCH_PATHS = "$(inherited) @executable_path/Frameworks @loader_path/Frameworks";
				PRODUCT_BUNDLE_IDENTIFIER = com.ThisIsChristoph.InfiniteTests;
				PRODUCT_NAME = "$(TARGET_NAME)";
				SWIFT_VERSION = 4.0;
				TARGETED_DEVICE_FAMILY = "1,2";
				TEST_HOST = "$(BUILT_PRODUCTS_DIR)/Infinite.app/Infinite";
			};
			name = Release;
		};
/* End XCBuildConfiguration section */

/* Begin XCConfigurationList section */
		DF68E7E42006CC5100EFC1E4 /* Build configuration list for PBXProject "Infinite" */ = {
			isa = XCConfigurationList;
			buildConfigurations = (
				DF68E8042006CC5200EFC1E4 /* Debug */,
				DF68E8052006CC5200EFC1E4 /* Release */,
			);
			defaultConfigurationIsVisible = 0;
			defaultConfigurationName = Release;
		};
		DF68E8062006CC5200EFC1E4 /* Build configuration list for PBXNativeTarget "Infinite" */ = {
			isa = XCConfigurationList;
			buildConfigurations = (
				DF68E8072006CC5200EFC1E4 /* Debug */,
				DF68E8082006CC5200EFC1E4 /* Release */,
			);
			defaultConfigurationIsVisible = 0;
			defaultConfigurationName = Release;
		};
		DF68E8092006CC5200EFC1E4 /* Build configuration list for PBXNativeTarget "InfiniteTests" */ = {
			isa = XCConfigurationList;
			buildConfigurations = (
				DF68E80A2006CC5200EFC1E4 /* Debug */,
				DF68E80B2006CC5200EFC1E4 /* Release */,
			);
			defaultConfigurationIsVisible = 0;
			defaultConfigurationName = Release;
		};
/* End XCConfigurationList section */
	};
	rootObject = DF68E7E12006CC5100EFC1E4 /* Project object */;
}
